
Microsoft Visual Studio Solution File, Format Version 12.00
# Visual Studio Version 16
VisualStudioVersion = 16.0.28922.388
MinimumVisualStudioVersion = 10.0.40219.1
Project("{FAE04EC0-301F-11D3-BF4B-00C04F79EFBC}") = "Chaper08ProgramTwoDimensionalArray", "Chaper08ProgramTwoDimensionalArray.csproj", "{EC74E2F2-BE2D-4A5F-BD00-82D8B9BAAC1E}"
EndProject
Global
	GlobalSection(SolutionConfigurationPlatforms) = preSolution
		Debug|Any CPU = Debug|Any CPU
		Release|Any CPU = Release|Any CPU
	EndGlobalSection
	GlobalSection(ProjectConfigurationPlatforms) = postSolution
		{EC74E2F2-BE2D-4A5F-BD00-82D8B9BAAC1E}.Debug|Any CPU.ActiveCfg = Debug|Any CPU
		{EC74E2F2-BE2D-4A5F-BD00-82D8B9BAAC1E}.Debug|Any CPU.Build.0 = Debug|Any CPU
		{EC74E2F2-BE2D-4A5F-BD00-82D8B9BAAC1E}.Release|Any CPU.ActiveCfg = Release|Any CPU
		{EC74E2F2-BE2D-4A5F-BD00-82D8B9BAAC1E}.Release|Any CPU.Build.0 = Release|Any CPU
	EndGlobalSection
	GlobalSection(SolutionProperties) = preSolution
		HideSolutionNode = FALSE
	EndGlobalSection
	GlobalSection(ExtensibilityGlobals) = postSolution
		SolutionGuid = {D4A0298C-0CEC-4812-8630-0ED88C34CB8D}
	EndGlobalSection
EndGlobal
